
Microsoft Visual Studio Solution File, Format Version 12.00
# Visual Studio Version 17
VisualStudioVersion = 17.6.33723.286
MinimumVisualStudioVersion = 10.0.40219.1
Project("{FAE04EC0-301F-11D3-BF4B-00C04F79EFBC}") = "GroceryStore", "GroceryStore\GroceryStore.csproj", "{C78C6EFD-53E6-42C8-8282-9353EB14431F}"
EndProject
Global
	GlobalSection(SolutionConfigurationPlatforms) = preSolution
		Debug|Any CPU = Debug|Any CPU
		Release|Any CPU = Release|Any CPU
	EndGlobalSection
	GlobalSection(ProjectConfigurationPlatforms) = postSolution
		{C78C6EFD-53E6-42C8-8282-9353EB14431F}.Debug|Any CPU.ActiveCfg = Debug|Any CPU
		{C78C6EFD-53E6-42C8-8282-9353EB14431F}.Debug|Any CPU.Build.0 = Debug|Any CPU
		{C78C6EFD-53E6-42C8-8282-9353EB14431F}.Release|Any CPU.ActiveCfg = Release|Any CPU
		{C78C6EFD-53E6-42C8-8282-9353EB14431F}.Release|Any CPU.Build.0 = Release|Any CPU
	EndGlobalSection
	GlobalSection(SolutionProperties) = preSolution
		HideSolutionNode = FALSE
	EndGlobalSection
	GlobalSection(ExtensibilityGlobals) = postSolution
		SolutionGuid = {8DE47554-9E08-47B7-ACD9-953410516F05}
	EndGlobalSection
EndGlobal
